
Microsoft Visual Studio Solution File, Format Version 12.00
# Visual Studio 15
VisualStudioVersion = 15.0.28010.2019
MinimumVisualStudioVersion = 10.0.40219.1
Project("{FAE04EC0-301F-11D3-BF4B-00C04F79EFBC}") = "EFCodeFirstExample", "EFCodeFirstExample\EFCodeFirstExample.csproj", "{88D5FED3-C969-4EA5-8A4E-0D211BE58239}"
EndProject
Global
	GlobalSection(SolutionConfigurationPlatforms) = preSolution
		Debug|Any CPU = Debug|Any CPU
		Release|Any CPU = Release|Any CPU
	EndGlobalSection
	GlobalSection(ProjectConfigurationPlatforms) = postSolution
		{88D5FED3-C969-4EA5-8A4E-0D211BE58239}.Debug|Any CPU.ActiveCfg = Debug|Any CPU
		{88D5FED3-C969-4EA5-8A4E-0D211BE58239}.Debug|Any CPU.Build.0 = Debug|Any CPU
		{88D5FED3-C969-4EA5-8A4E-0D211BE58239}.Release|Any CPU.ActiveCfg = Release|Any CPU
		{88D5FED3-C969-4EA5-8A4E-0D211BE58239}.Release|Any CPU.Build.0 = Release|Any CPU
	EndGlobalSection
	GlobalSection(SolutionProperties) = preSolution
		HideSolutionNode = FALSE
	EndGlobalSection
	GlobalSection(ExtensibilityGlobals) = postSolution
		SolutionGuid = {5137A91E-22BD-4875-A507-3FCEBA2D0280}
	EndGlobalSection
EndGlobal
